# This file is autogenerated, do not edit; changes may be undone by the next 'dep ensure'.


[[projects]]
  branch = "master"
  name = "github.com/Sirupsen/logrus"
  packages = ["."]
  revision = "61e43dc76f7ee59a82bdf3d71033dc12bea4c77d"

[[projects]]
  branch = "cgo"
  name = "github.com/campoy/justforfunc"
  packages = ["12-say-grpc/api","13-cgo-flite/flite"]
  revision = "7c2a7c264f94c4701090973a37a83e353ecbe280"

[[projects]]
  branch = "master"
  name = "github.com/golang/protobuf"
  packages = ["proto","ptypes/any"]
  revision = "18c9bb3261723cd5401db4d0c9fbc5c3b6c70fe8"

[[projects]]
  branch = "master"
  name = "golang.org/x/net"
  packages = ["context","http2","http2/hpack","idna","internal/timeseries","lex/httplex","trace"]
  revision = "feeb485667d1fdabe727840fe00adc22431bc86e"

[[projects]]
  branch = "master"
  name = "golang.org/x/sys"
  packages = ["unix"]
  revision = "d75a52659825e75fff6158388dddc6a5b04f9ba5"

[[projects]]
  branch = "master"
  name = "golang.org/x/text"
  packages = ["internal/gen","internal/triegen","internal/ucd","secure/bidirule","transform","unicode/bidi","unicode/cldr","unicode/norm","unicode/rangetable"]
  revision = "470f45bf29f4147d6fbd7dfd0a02a848e49f5bf4"

[[projects]]
  branch = "master"
  name = "google.golang.org/genproto"
  packages = ["googleapis/rpc/status"]
  revision = "411e09b969b1170a9f0c467558eb4c4c110d9c77"

[[projects]]
  branch = "master"
  name = "google.golang.org/grpc"
  packages = [".","codes","credentials","grpclb/grpc_lb_v1","grpclog","internal","keepalive","metadata","naming","peer","stats","status","tap","transport"]
  revision = "68a5d50f4517bae2b44b18092410fe248d153f1e"

[solve-meta]
  analyzer-name = "dep"
  analyzer-version = 1
  inputs-digest = "42556057673a126fab3f84bdbe4e161f34384f77ac8c939021150b76de36b986"
  solver-name = "gps-cdcl"
  solver-version = 1
